
Microsoft Visual Studio Solution File, Format Version 12.00
# Visual Studio Version 17
VisualStudioVersion = 17.13.35828.75 d17.13
MinimumVisualStudioVersion = 10.0.40219.1
Project("{FAE04EC0-301F-11D3-BF4B-00C04F79EFBC}") = "MathWorkshop", "MathWorkshop.csproj", "{6EE02243-B748-49B2-9333-812F8D364D13}"
EndProject
Project("{FAE04EC0-301F-11D3-BF4B-00C04F79EFBC}") = "UnitTests", "..\UnitTests\UnitTests.csproj", "{85F3B103-7CDA-4B65-AE36-6640B87DB0D8}"
EndProject
Global
	GlobalSection(SolutionConfigurationPlatforms) = preSolution
		Debug|Any CPU = Debug|Any CPU
		Release|Any CPU = Release|Any CPU
	EndGlobalSection
	GlobalSection(ProjectConfigurationPlatforms) = postSolution
		{6EE02243-B748-49B2-9333-812F8D364D13}.Debug|Any CPU.ActiveCfg = Debug|Any CPU
		{6EE02243-B748-49B2-9333-812F8D364D13}.Debug|Any CPU.Build.0 = Debug|Any CPU
		{6EE02243-B748-49B2-9333-812F8D364D13}.Release|Any CPU.ActiveCfg = Release|Any CPU
		{6EE02243-B748-49B2-9333-812F8D364D13}.Release|Any CPU.Build.0 = Release|Any CPU
		{85F3B103-7CDA-4B65-AE36-6640B87DB0D8}.Debug|Any CPU.ActiveCfg = Debug|Any CPU
		{85F3B103-7CDA-4B65-AE36-6640B87DB0D8}.Debug|Any CPU.Build.0 = Debug|Any CPU
		{85F3B103-7CDA-4B65-AE36-6640B87DB0D8}.Release|Any CPU.ActiveCfg = Release|Any CPU
		{85F3B103-7CDA-4B65-AE36-6640B87DB0D8}.Release|Any CPU.Build.0 = Release|Any CPU
	EndGlobalSection
	GlobalSection(SolutionProperties) = preSolution
		HideSolutionNode = FALSE
	EndGlobalSection
	GlobalSection(ExtensibilityGlobals) = postSolution
		SolutionGuid = {1BB8038B-EA3C-4F51-AE3F-6576041C8500}
	EndGlobalSection
EndGlobal
